PODS:
  - DynamicBlurView (2.0.2)
  - EasyPopUp (0.1.0):
    - DynamicBlurView

DEPENDENCIES:
  - DynamicBlurView
  - EasyPopUp (from `../`)

SPEC REPOS:
  https://github.com/CocoaPods/Specs.git:
    - DynamicBlurView

EXTERNAL SOURCES:
  EasyPopUp:
    :path: "../"

SPEC CHECKSUMS:
  DynamicBlurView: aa6db4defc6e537eb86fc5e58dd3991666178399
  EasyPopUp: 38f8c9980818945fe2268dc2bba56cbb01d33ddc

PODFILE CHECKSUM: 332e2c6fce5da59e8b33f0f4960c34cdfd43ec65

COCOAPODS: 1.5.0
