PODS:
  - DynamicBlurView (2.0.2)
  - EasyPopUp (0.1.0):
    - DynamicBlurView (~> 2.0)

DEPENDENCIES:
  - DynamicBlurView (~> 2.0)
  - EasyPopUp (from `../`)

SPEC REPOS:
  https://github.com/cocoapods/specs.git:
    - DynamicBlurView

EXTERNAL SOURCES:
  EasyPopUp:
    :path: "../"

SPEC CHECKSUMS:
  DynamicBlurView: aa6db4defc6e537eb86fc5e58dd3991666178399
  EasyPopUp: 91259200daee774913dd639ef43a27e2e1b41823

PODFILE CHECKSUM: 2db901b90447c61d360e8a1c718db2d9451ce7f3

COCOAPODS: 1.5.3
